
Microsoft Visual Studio Solution File, Format Version 12.00
# Visual Studio Version 17
VisualStudioVersion = 17.5.002.0
MinimumVisualStudioVersion = 10.0.40219.1
Project("{9A19103F-16F7-4668-BE54-9A1E7A4F7556}") = "TodoApi", "TodoApi.csproj", "{57C248D1-E58B-4BDD-9C95-D7DBC5D06AA1}"
EndProject
Global
	GlobalSection(SolutionConfigurationPlatforms) = preSolution
		Debug|Any CPU = Debug|Any CPU
		Release|Any CPU = Release|Any CPU
	EndGlobalSection
	GlobalSection(ProjectConfigurationPlatforms) = postSolution
		{57C248D1-E58B-4BDD-9C95-D7DBC5D06AA1}.Debug|Any CPU.ActiveCfg = Debug|Any CPU
		{57C248D1-E58B-4BDD-9C95-D7DBC5D06AA1}.Debug|Any CPU.Build.0 = Debug|Any CPU
		{57C248D1-E58B-4BDD-9C95-D7DBC5D06AA1}.Release|Any CPU.ActiveCfg = Release|Any CPU
		{57C248D1-E58B-4BDD-9C95-D7DBC5D06AA1}.Release|Any CPU.Build.0 = Release|Any CPU
	EndGlobalSection
	GlobalSection(SolutionProperties) = preSolution
		HideSolutionNode = FALSE
	EndGlobalSection
	GlobalSection(ExtensibilityGlobals) = postSolution
		SolutionGuid = {8B6C4474-2F65-4DD8-B901-E7CB7D9AC636}
	EndGlobalSection
EndGlobal
